
Microsoft Visual Studio Solution File, Format Version 12.00
# Visual Studio 15
VisualStudioVersion = 15.0.27703.2035
MinimumVisualStudioVersion = 10.0.40219.1
Project("{FAE04EC0-301F-11D3-BF4B-00C04F79EFBC}") = "GradeCheckerAPI", "GradeCheckerAPI\GradeCheckerAPI.csproj", "{1395863E-6CE1-4CE2-8900-FF36C1AAB1AB}"
EndProject
Global
	GlobalSection(SolutionConfigurationPlatforms) = preSolution
		Debug|Any CPU = Debug|Any CPU
		Release|Any CPU = Release|Any CPU
	EndGlobalSection
	GlobalSection(ProjectConfigurationPlatforms) = postSolution
		{1395863E-6CE1-4CE2-8900-FF36C1AAB1AB}.Debug|Any CPU.ActiveCfg = Debug|Any CPU
		{1395863E-6CE1-4CE2-8900-FF36C1AAB1AB}.Debug|Any CPU.Build.0 = Debug|Any CPU
		{1395863E-6CE1-4CE2-8900-FF36C1AAB1AB}.Release|Any CPU.ActiveCfg = Release|Any CPU
		{1395863E-6CE1-4CE2-8900-FF36C1AAB1AB}.Release|Any CPU.Build.0 = Release|Any CPU
	EndGlobalSection
	GlobalSection(SolutionProperties) = preSolution
		HideSolutionNode = FALSE
	EndGlobalSection
	GlobalSection(ExtensibilityGlobals) = postSolution
		SolutionGuid = {46632196-8CD8-4018-BC3B-1F1F2116834C}
	EndGlobalSection
EndGlobal
